
Microsoft Visual Studio Solution File, Format Version 12.00
# Visual Studio Version 16
VisualStudioVersion = 16.0.30413.136
MinimumVisualStudioVersion = 10.0.40219.1
Project("{FAE04EC0-301F-11D3-BF4B-00C04F79EFBC}") = "UwpApp", "UwpApp\UwpApp.csproj", "{A3EAC3E8-2390-49E6-AAAB-1AF95E432339}"
EndProject
Project("{FAE04EC0-301F-11D3-BF4B-00C04F79EFBC}") = "SharedLibrary", "SharedLibrary\SharedLibrary.csproj", "{E64D0B6C-E9F3-4DF9-8C1E-6AFACF12186F}"
EndProject
Project("{9A19103F-16F7-4668-BE54-9A1E7A4F7556}") = "AzureFunctions", "AzureFunctions\AzureFunctions.csproj", "{45C69664-9305-4757-9941-04BDEB61C3BF}"
EndProject
Project("{FAE04EC0-301F-11D3-BF4B-00C04F79EFBC}") = "SharedLibraryCore", "SharedLibraryCore\SharedLibraryCore.csproj", "{C00C8338-090E-4EDB-ABA5-51E0B60EABAE}"
EndProject
Global
	GlobalSection(SolutionConfigurationPlatforms) = preSolution
		Debug|Any CPU = Debug|Any CPU
		Debug|ARM = Debug|ARM
		Debug|ARM64 = Debug|ARM64
		Debug|x64 = Debug|x64
		Debug|x86 = Debug|x86
		Release|Any CPU = Release|Any CPU
		Release|ARM = Release|ARM
		Release|ARM64 = Release|ARM64
		Release|x64 = Release|x64
		Release|x86 = Release|x86
	EndGlobalSection
	GlobalSection(ProjectConfigurationPlatforms) = postSolution
		{A3EAC3E8-2390-49E6-AAAB-1AF95E432339}.Debug|Any CPU.ActiveCfg = Debug|x86
		{A3EAC3E8-2390-49E6-AAAB-1AF95E432339}.Debug|ARM.ActiveCfg = Debug|ARM
		{A3EAC3E8-2390-49E6-AAAB-1AF95E432339}.Debug|ARM.Build.0 = Debug|ARM
		{A3EAC3E8-2390-49E6-AAAB-1AF95E432339}.Debug|ARM.Deploy.0 = Debug|ARM
		{A3EAC3E8-2390-49E6-AAAB-1AF95E432339}.Debug|ARM64.ActiveCfg = Debug|ARM64
		{A3EAC3E8-2390-49E6-AAAB-1AF95E432339}.Debug|ARM64.Build.0 = Debug|ARM64
		{A3EAC3E8-2390-49E6-AAAB-1AF95E432339}.Debug|ARM64.Deploy.0 = Debug|ARM64
		{A3EAC3E8-2390-49E6-AAAB-1AF95E432339}.Debug|x64.ActiveCfg = Debug|x64
		{A3EAC3E8-2390-49E6-AAAB-1AF95E432339}.Debug|x64.Build.0 = Debug|x64
		{A3EAC3E8-2390-49E6-AAAB-1AF95E432339}.Debug|x64.Deploy.0 = Debug|x64
		{A3EAC3E8-2390-49E6-AAAB-1AF95E432339}.Debug|x86.ActiveCfg = Debug|x86
		{A3EAC3E8-2390-49E6-AAAB-1AF95E432339}.Debug|x86.Build.0 = Debug|x86
		{A3EAC3E8-2390-49E6-AAAB-1AF95E432339}.Debug|x86.Deploy.0 = Debug|x86
		{A3EAC3E8-2390-49E6-AAAB-1AF95E432339}.Release|Any CPU.ActiveCfg = Release|x86
		{A3EAC3E8-2390-49E6-AAAB-1AF95E432339}.Release|ARM.ActiveCfg = Release|ARM
		{A3EAC3E8-2390-49E6-AAAB-1AF95E432339}.Release|ARM.Build.0 = Release|ARM
		{A3EAC3E8-2390-49E6-AAAB-1AF95E432339}.Release|ARM.Deploy.0 = Release|ARM
		{A3EAC3E8-2390-49E6-AAAB-1AF95E432339}.Release|ARM64.ActiveCfg = Release|ARM64
		{A3EAC3E8-2390-49E6-AAAB-1AF95E432339}.Release|ARM64.Build.0 = Release|ARM64
		{A3EAC3E8-2390-49E6-AAAB-1AF95E432339}.Release|ARM64.Deploy.0 = Release|ARM64
		{A3EAC3E8-2390-49E6-AAAB-1AF95E432339}.Release|x64.ActiveCfg = Release|x64
		{A3EAC3E8-2390-49E6-AAAB-1AF95E432339}.Release|x64.Build.0 = Release|x64
		{A3EAC3E8-2390-49E6-AAAB-1AF95E432339}.Release|x64.Deploy.0 = Release|x64
		{A3EAC3E8-2390-49E6-AAAB-1AF95E432339}.Release|x86.ActiveCfg = Release|x86
		{A3EAC3E8-2390-49E6-AAAB-1AF95E432339}.Release|x86.Build.0 = Release|x86
		{A3EAC3E8-2390-49E6-AAAB-1AF95E432339}.Release|x86.Deploy.0 = Release|x86
		{E64D0B6C-E9F3-4DF9-8C1E-6AFACF12186F}.Debug|Any CPU.ActiveCfg = Debug|Any CPU
		{E64D0B6C-E9F3-4DF9-8C1E-6AFACF12186F}.Debug|Any CPU.Build.0 = Debug|Any CPU
		{E64D0B6C-E9F3-4DF9-8C1E-6AFACF12186F}.Debug|ARM.ActiveCfg = Debug|ARM
		{E64D0B6C-E9F3-4DF9-8C1E-6AFACF12186F}.Debug|ARM.Build.0 = Debug|ARM
		{E64D0B6C-E9F3-4DF9-8C1E-6AFACF12186F}.Debug|ARM64.ActiveCfg = Debug|ARM64
		{E64D0B6C-E9F3-4DF9-8C1E-6AFACF12186F}.Debug|ARM64.Build.0 = Debug|ARM64
		{E64D0B6C-E9F3-4DF9-8C1E-6AFACF12186F}.Debug|x64.ActiveCfg = Debug|x64
		{E64D0B6C-E9F3-4DF9-8C1E-6AFACF12186F}.Debug|x64.Build.0 = Debug|x64
		{E64D0B6C-E9F3-4DF9-8C1E-6AFACF12186F}.Debug|x86.ActiveCfg = Debug|x86
		{E64D0B6C-E9F3-4DF9-8C1E-6AFACF12186F}.Debug|x86.Build.0 = Debug|x86
		{E64D0B6C-E9F3-4DF9-8C1E-6AFACF12186F}.Release|Any CPU.ActiveCfg = Release|Any CPU
		{E64D0B6C-E9F3-4DF9-8C1E-6AFACF12186F}.Release|Any CPU.Build.0 = Release|Any CPU
		{E64D0B6C-E9F3-4DF9-8C1E-6AFACF12186F}.Release|ARM.ActiveCfg = Release|ARM
		{E64D0B6C-E9F3-4DF9-8C1E-6AFACF12186F}.Release|ARM.Build.0 = Release|ARM
		{E64D0B6C-E9F3-4DF9-8C1E-6AFACF12186F}.Release|ARM64.ActiveCfg = Release|ARM64
		{E64D0B6C-E9F3-4DF9-8C1E-6AFACF12186F}.Release|ARM64.Build.0 = Release|ARM64
		{E64D0B6C-E9F3-4DF9-8C1E-6AFACF12186F}.Release|x64.ActiveCfg = Release|x64
		{E64D0B6C-E9F3-4DF9-8C1E-6AFACF12186F}.Release|x64.Build.0 = Release|x64
		{E64D0B6C-E9F3-4DF9-8C1E-6AFACF12186F}.Release|x86.ActiveCfg = Release|x86
		{E64D0B6C-E9F3-4DF9-8C1E-6AFACF12186F}.Release|x86.Build.0 = Release|x86
		{45C69664-9305-4757-9941-04BDEB61C3BF}.Debug|Any CPU.ActiveCfg = Debug|Any CPU
		{45C69664-9305-4757-9941-04BDEB61C3BF}.Debug|Any CPU.Build.0 = Debug|Any CPU
		{45C69664-9305-4757-9941-04BDEB61C3BF}.Debug|ARM.ActiveCfg = Debug|Any CPU
		{45C69664-9305-4757-9941-04BDEB61C3BF}.Debug|ARM.Build.0 = Debug|Any CPU
		{45C69664-9305-4757-9941-04BDEB61C3BF}.Debug|ARM64.ActiveCfg = Debug|Any CPU
		{45C69664-9305-4757-9941-04BDEB61C3BF}.Debug|ARM64.Build.0 = Debug|Any CPU
		{45C69664-9305-4757-9941-04BDEB61C3BF}.Debug|x64.ActiveCfg = Debug|Any CPU
		{45C69664-9305-4757-9941-04BDEB61C3BF}.Debug|x64.Build.0 = Debug|Any CPU
		{45C69664-9305-4757-9941-04BDEB61C3BF}.Debug|x86.ActiveCfg = Debug|Any CPU
		{45C69664-9305-4757-9941-04BDEB61C3BF}.Debug|x86.Build.0 = Debug|Any CPU
		{45C69664-9305-4757-9941-04BDEB61C3BF}.Release|Any CPU.ActiveCfg = Release|Any CPU
		{45C69664-9305-4757-9941-04BDEB61C3BF}.Release|Any CPU.Build.0 = Release|Any CPU
		{45C69664-9305-4757-9941-04BDEB61C3BF}.Release|ARM.ActiveCfg = Release|Any CPU
		{45C69664-9305-4757-9941-04BDEB61C3BF}.Release|ARM.Build.0 = Release|Any CPU
		{45C69664-9305-4757-9941-04BDEB61C3BF}.Release|ARM64.ActiveCfg = Release|Any CPU
		{45C69664-9305-4757-9941-04BDEB61C3BF}.Release|ARM64.Build.0 = Release|Any CPU
		{45C69664-9305-4757-9941-04BDEB61C3BF}.Release|x64.ActiveCfg = Release|Any CPU
		{45C69664-9305-4757-9941-04BDEB61C3BF}.Release|x64.Build.0 = Release|Any CPU
		{45C69664-9305-4757-9941-04BDEB61C3BF}.Release|x86.ActiveCfg = Release|Any CPU
		{45C69664-9305-4757-9941-04BDEB61C3BF}.Release|x86.Build.0 = Release|Any CPU
		{C00C8338-090E-4EDB-ABA5-51E0B60EABAE}.Debug|Any CPU.ActiveCfg = Debug|Any CPU
		{C00C8338-090E-4EDB-ABA5-51E0B60EABAE}.Debug|Any CPU.Build.0 = Debug|Any CPU
		{C00C8338-090E-4EDB-ABA5-51E0B60EABAE}.Debug|ARM.ActiveCfg = Debug|Any CPU
		{C00C8338-090E-4EDB-ABA5-51E0B60EABAE}.Debug|ARM.Build.0 = Debug|Any CPU
		{C00C8338-090E-4EDB-ABA5-51E0B60EABAE}.Debug|ARM64.ActiveCfg = Debug|Any CPU
		{C00C8338-090E-4EDB-ABA5-51E0B60EABAE}.Debug|ARM64.Build.0 = Debug|Any CPU
		{C00C8338-090E-4EDB-ABA5-51E0B60EABAE}.Debug|x64.ActiveCfg = Debug|Any CPU
		{C00C8338-090E-4EDB-ABA5-51E0B60EABAE}.Debug|x64.Build.0 = Debug|Any CPU
		{C00C8338-090E-4EDB-ABA5-51E0B60EABAE}.Debug|x86.ActiveCfg = Debug|Any CPU
		{C00C8338-090E-4EDB-ABA5-51E0B60EABAE}.Debug|x86.Build.0 = Debug|Any CPU
		{C00C8338-090E-4EDB-ABA5-51E0B60EABAE}.Release|Any CPU.ActiveCfg = Release|Any CPU
		{C00C8338-090E-4EDB-ABA5-51E0B60EABAE}.Release|Any CPU.Build.0 = Release|Any CPU
		{C00C8338-090E-4EDB-ABA5-51E0B60EABAE}.Release|ARM.ActiveCfg = Release|Any CPU
		{C00C8338-090E-4EDB-ABA5-51E0B60EABAE}.Release|ARM.Build.0 = Release|Any CPU
		{C00C8338-090E-4EDB-ABA5-51E0B60EABAE}.Release|ARM64.ActiveCfg = Release|Any CPU
		{C00C8338-090E-4EDB-ABA5-51E0B60EABAE}.Release|ARM64.Build.0 = Release|Any CPU
		{C00C8338-090E-4EDB-ABA5-51E0B60EABAE}.Release|x64.ActiveCfg = Release|Any CPU
		{C00C8338-090E-4EDB-ABA5-51E0B60EABAE}.Release|x64.Build.0 = Release|Any CPU
		{C00C8338-090E-4EDB-ABA5-51E0B60EABAE}.Release|x86.ActiveCfg = Release|Any CPU
		{C00C8338-090E-4EDB-ABA5-51E0B60EABAE}.Release|x86.Build.0 = Release|Any CPU
	EndGlobalSection
	GlobalSection(SolutionProperties) = preSolution
		HideSolutionNode = FALSE
	EndGlobalSection
	GlobalSection(ExtensibilityGlobals) = postSolution
		SolutionGuid = {383C5953-EB83-4495-B757-EF416D8FBF9D}
	EndGlobalSection
EndGlobal
